
Microsoft Visual Studio Solution File, Format Version 12.00
# Visual Studio Version 17
VisualStudioVersion = 17.10.35013.160
MinimumVisualStudioVersion = 10.0.40219.1
Project("{FAE04EC0-301F-11D3-BF4B-00C04F79EFBC}") = "MauiTodo", "MauiTodo.csproj", "{41781395-F40A-4063-8CE7-60044A75937A}"
EndProject
Global
	GlobalSection(SolutionConfigurationPlatforms) = preSolution
		Debug|Any CPU = Debug|Any CPU
		Release|Any CPU = Release|Any CPU
	EndGlobalSection
	GlobalSection(ProjectConfigurationPlatforms) = postSolution
		{41781395-F40A-4063-8CE7-60044A75937A}.Debug|Any CPU.ActiveCfg = Debug|Any CPU
		{41781395-F40A-4063-8CE7-60044A75937A}.Debug|Any CPU.Build.0 = Debug|Any CPU
		{41781395-F40A-4063-8CE7-60044A75937A}.Debug|Any CPU.Deploy.0 = Debug|Any CPU
		{41781395-F40A-4063-8CE7-60044A75937A}.Release|Any CPU.ActiveCfg = Release|Any CPU
		{41781395-F40A-4063-8CE7-60044A75937A}.Release|Any CPU.Build.0 = Release|Any CPU
		{41781395-F40A-4063-8CE7-60044A75937A}.Release|Any CPU.Deploy.0 = Release|Any CPU
	EndGlobalSection
	GlobalSection(SolutionProperties) = preSolution
		HideSolutionNode = FALSE
	EndGlobalSection
	GlobalSection(ExtensibilityGlobals) = postSolution
		SolutionGuid = {A3E0EC36-276E-4708-92BB-58574FE94BC8}
	EndGlobalSection
EndGlobal
